
Microsoft Visual Studio Solution File, Format Version 12.00
# Visual Studio Version 16
VisualStudioVersion = 16.0.30621.155
MinimumVisualStudioVersion = 10.0.40219.1
Project("{FAE04EC0-301F-11D3-BF4B-00C04F79EFBC}") = "Inlämningsuppgift_3", "Inlämningsuppgift_3\Inlämningsuppgift_3.csproj", "{1C4EC755-EEFB-49FE-A078-58C9147051C5}"
EndProject
Global
	GlobalSection(SolutionConfigurationPlatforms) = preSolution
		Debug|Any CPU = Debug|Any CPU
		Release|Any CPU = Release|Any CPU
	EndGlobalSection
	GlobalSection(ProjectConfigurationPlatforms) = postSolution
		{1C4EC755-EEFB-49FE-A078-58C9147051C5}.Debug|Any CPU.ActiveCfg = Debug|Any CPU
		{1C4EC755-EEFB-49FE-A078-58C9147051C5}.Debug|Any CPU.Build.0 = Debug|Any CPU
		{1C4EC755-EEFB-49FE-A078-58C9147051C5}.Release|Any CPU.ActiveCfg = Release|Any CPU
		{1C4EC755-EEFB-49FE-A078-58C9147051C5}.Release|Any CPU.Build.0 = Release|Any CPU
	EndGlobalSection
	GlobalSection(SolutionProperties) = preSolution
		HideSolutionNode = FALSE
	EndGlobalSection
	GlobalSection(ExtensibilityGlobals) = postSolution
		SolutionGuid = {825D51CB-8BA9-41B8-9250-4CF7E24B1CEC}
	EndGlobalSection
EndGlobal
